
Microsoft Visual Studio Solution File, Format Version 12.00
# Visual Studio Version 16
VisualStudioVersion = 16.0.31424.327
MinimumVisualStudioVersion = 10.0.40219.1
Project("{FAE04EC0-301F-11D3-BF4B-00C04F79EFBC}") = "TMPS-Labs", "TMPS-Labs\TMPS-Labs.csproj", "{44DEE783-D88F-4584-9CEF-FCE07A1FC4BC}"
EndProject
Project("{FAE04EC0-301F-11D3-BF4B-00C04F79EFBC}") = "Lab_1", "Lab_1\Lab_1.csproj", "{8D57971A-7981-4DDF-8A4B-DB978F28982E}"
EndProject
Project("{FAE04EC0-301F-11D3-BF4B-00C04F79EFBC}") = "Lab_2", "Lab_2\Lab_2.csproj", "{260022B3-7A48-4B7B-8679-08A3A3575F7E}"
EndProject
Project("{FAE04EC0-301F-11D3-BF4B-00C04F79EFBC}") = "Lab_3", "Lab_3\Lab_3.csproj", "{4FF005ED-212B-4C56-B794-943F0AFAD272}"
EndProject
Global
	GlobalSection(SolutionConfigurationPlatforms) = preSolution
		Debug|Any CPU = Debug|Any CPU
		Release|Any CPU = Release|Any CPU
	EndGlobalSection
	GlobalSection(ProjectConfigurationPlatforms) = postSolution
		{44DEE783-D88F-4584-9CEF-FCE07A1FC4BC}.Debug|Any CPU.ActiveCfg = Debug|Any CPU
		{44DEE783-D88F-4584-9CEF-FCE07A1FC4BC}.Debug|Any CPU.Build.0 = Debug|Any CPU
		{44DEE783-D88F-4584-9CEF-FCE07A1FC4BC}.Release|Any CPU.ActiveCfg = Release|Any CPU
		{44DEE783-D88F-4584-9CEF-FCE07A1FC4BC}.Release|Any CPU.Build.0 = Release|Any CPU
		{8D57971A-7981-4DDF-8A4B-DB978F28982E}.Debug|Any CPU.ActiveCfg = Debug|Any CPU
		{8D57971A-7981-4DDF-8A4B-DB978F28982E}.Debug|Any CPU.Build.0 = Debug|Any CPU
		{8D57971A-7981-4DDF-8A4B-DB978F28982E}.Release|Any CPU.ActiveCfg = Release|Any CPU
		{8D57971A-7981-4DDF-8A4B-DB978F28982E}.Release|Any CPU.Build.0 = Release|Any CPU
		{260022B3-7A48-4B7B-8679-08A3A3575F7E}.Debug|Any CPU.ActiveCfg = Debug|Any CPU
		{260022B3-7A48-4B7B-8679-08A3A3575F7E}.Debug|Any CPU.Build.0 = Debug|Any CPU
		{260022B3-7A48-4B7B-8679-08A3A3575F7E}.Release|Any CPU.ActiveCfg = Release|Any CPU
		{260022B3-7A48-4B7B-8679-08A3A3575F7E}.Release|Any CPU.Build.0 = Release|Any CPU
		{4FF005ED-212B-4C56-B794-943F0AFAD272}.Debug|Any CPU.ActiveCfg = Debug|Any CPU
		{4FF005ED-212B-4C56-B794-943F0AFAD272}.Debug|Any CPU.Build.0 = Debug|Any CPU
		{4FF005ED-212B-4C56-B794-943F0AFAD272}.Release|Any CPU.ActiveCfg = Release|Any CPU
		{4FF005ED-212B-4C56-B794-943F0AFAD272}.Release|Any CPU.Build.0 = Release|Any CPU
	EndGlobalSection
	GlobalSection(SolutionProperties) = preSolution
		HideSolutionNode = FALSE
	EndGlobalSection
	GlobalSection(ExtensibilityGlobals) = postSolution
		SolutionGuid = {E055BA72-E2CD-407C-8472-D23C826D2D10}
	EndGlobalSection
EndGlobal
