
Microsoft Visual Studio Solution File, Format Version 12.00
# Visual Studio Version 16
VisualStudioVersion = 16.0.31424.327
MinimumVisualStudioVersion = 10.0.40219.1
Project("{9A19103F-16F7-4668-BE54-9A1E7A4F7556}") = "Domain", "Domain\Domain.csproj", "{2960738A-713C-4A45-BDEF-0AB52CECEEA5}"
EndProject
Project("{9A19103F-16F7-4668-BE54-9A1E7A4F7556}") = "Client", "Client\Client.csproj", "{CE826471-7091-4904-8AF4-C52D31730527}"
EndProject
Project("{9A19103F-16F7-4668-BE54-9A1E7A4F7556}") = "Data", "Data\Data.csproj", "{D816F2A1-DB07-4A93-B5A3-552727F2211A}"
EndProject
Project("{9A19103F-16F7-4668-BE54-9A1E7A4F7556}") = "Utility", "Utilites\Utility.csproj", "{7A260AD9-9B3A-4F8B-889E-12735714F260}"
EndProject
Project("{9A19103F-16F7-4668-BE54-9A1E7A4F7556}") = "Core", "Core\Core.csproj", "{9681B044-0AF7-4FA2-AC86-88090E0C19F2}"
EndProject
Global
	GlobalSection(SolutionConfigurationPlatforms) = preSolution
		Debug|Any CPU = Debug|Any CPU
		Release|Any CPU = Release|Any CPU
	EndGlobalSection
	GlobalSection(ProjectConfigurationPlatforms) = postSolution
		{2960738A-713C-4A45-BDEF-0AB52CECEEA5}.Debug|Any CPU.ActiveCfg = Debug|Any CPU
		{2960738A-713C-4A45-BDEF-0AB52CECEEA5}.Debug|Any CPU.Build.0 = Debug|Any CPU
		{2960738A-713C-4A45-BDEF-0AB52CECEEA5}.Release|Any CPU.ActiveCfg = Release|Any CPU
		{2960738A-713C-4A45-BDEF-0AB52CECEEA5}.Release|Any CPU.Build.0 = Release|Any CPU
		{CE826471-7091-4904-8AF4-C52D31730527}.Debug|Any CPU.ActiveCfg = Debug|Any CPU
		{CE826471-7091-4904-8AF4-C52D31730527}.Debug|Any CPU.Build.0 = Debug|Any CPU
		{CE826471-7091-4904-8AF4-C52D31730527}.Release|Any CPU.ActiveCfg = Release|Any CPU
		{CE826471-7091-4904-8AF4-C52D31730527}.Release|Any CPU.Build.0 = Release|Any CPU
		{D816F2A1-DB07-4A93-B5A3-552727F2211A}.Debug|Any CPU.ActiveCfg = Debug|Any CPU
		{D816F2A1-DB07-4A93-B5A3-552727F2211A}.Debug|Any CPU.Build.0 = Debug|Any CPU
		{D816F2A1-DB07-4A93-B5A3-552727F2211A}.Release|Any CPU.ActiveCfg = Release|Any CPU
		{D816F2A1-DB07-4A93-B5A3-552727F2211A}.Release|Any CPU.Build.0 = Release|Any CPU
		{7A260AD9-9B3A-4F8B-889E-12735714F260}.Debug|Any CPU.ActiveCfg = Debug|Any CPU
		{7A260AD9-9B3A-4F8B-889E-12735714F260}.Debug|Any CPU.Build.0 = Debug|Any CPU
		{7A260AD9-9B3A-4F8B-889E-12735714F260}.Release|Any CPU.ActiveCfg = Release|Any CPU
		{7A260AD9-9B3A-4F8B-889E-12735714F260}.Release|Any CPU.Build.0 = Release|Any CPU
		{9681B044-0AF7-4FA2-AC86-88090E0C19F2}.Debug|Any CPU.ActiveCfg = Debug|Any CPU
		{9681B044-0AF7-4FA2-AC86-88090E0C19F2}.Debug|Any CPU.Build.0 = Debug|Any CPU
		{9681B044-0AF7-4FA2-AC86-88090E0C19F2}.Release|Any CPU.ActiveCfg = Release|Any CPU
		{9681B044-0AF7-4FA2-AC86-88090E0C19F2}.Release|Any CPU.Build.0 = Release|Any CPU
	EndGlobalSection
	GlobalSection(SolutionProperties) = preSolution
		HideSolutionNode = FALSE
	EndGlobalSection
	GlobalSection(ExtensibilityGlobals) = postSolution
		SolutionGuid = {E055BA72-E2CD-407C-8472-D23C826D2D10}
	EndGlobalSection
EndGlobal
